
Microsoft Visual Studio Solution File, Format Version 12.00
# Visual Studio Version 17
VisualStudioVersion = 17.8.34525.116
MinimumVisualStudioVersion = 10.0.40219.1
Project("{FAE04EC0-301F-11D3-BF4B-00C04F79EFBC}") = "lab5", "lab5\lab5.csproj", "{DA5AD23A-F2C7-4D87-BB9C-C558268140BB}"
EndProject
Global
	GlobalSection(SolutionConfigurationPlatforms) = preSolution
		Debug|Any CPU = Debug|Any CPU
		Release|Any CPU = Release|Any CPU
	EndGlobalSection
	GlobalSection(ProjectConfigurationPlatforms) = postSolution
		{DA5AD23A-F2C7-4D87-BB9C-C558268140BB}.Debug|Any CPU.ActiveCfg = Debug|Any CPU
		{DA5AD23A-F2C7-4D87-BB9C-C558268140BB}.Debug|Any CPU.Build.0 = Debug|Any CPU
		{DA5AD23A-F2C7-4D87-BB9C-C558268140BB}.Release|Any CPU.ActiveCfg = Release|Any CPU
		{DA5AD23A-F2C7-4D87-BB9C-C558268140BB}.Release|Any CPU.Build.0 = Release|Any CPU
	EndGlobalSection
	GlobalSection(SolutionProperties) = preSolution
		HideSolutionNode = FALSE
	EndGlobalSection
	GlobalSection(ExtensibilityGlobals) = postSolution
		SolutionGuid = {05B740C1-4351-407C-AFE9-D1F0A300B7D5}
	EndGlobalSection
EndGlobal
